
Microsoft Visual Studio Solution File, Format Version 12.00
# Visual Studio Version 16
VisualStudioVersion = 16.0.31911.196
MinimumVisualStudioVersion = 10.0.40219.1
Project("{FAE04EC0-301F-11D3-BF4B-00C04F79EFBC}") = "ExAbstractMethods", "ExAbstractMethods\ExAbstractMethods.csproj", "{502A9831-05BF-4CB5-8C46-69C9F1E04F52}"
EndProject
Global
	GlobalSection(SolutionConfigurationPlatforms) = preSolution
		Debug|Any CPU = Debug|Any CPU
		Release|Any CPU = Release|Any CPU
	EndGlobalSection
	GlobalSection(ProjectConfigurationPlatforms) = postSolution
		{502A9831-05BF-4CB5-8C46-69C9F1E04F52}.Debug|Any CPU.ActiveCfg = Debug|Any CPU
		{502A9831-05BF-4CB5-8C46-69C9F1E04F52}.Debug|Any CPU.Build.0 = Debug|Any CPU
		{502A9831-05BF-4CB5-8C46-69C9F1E04F52}.Release|Any CPU.ActiveCfg = Release|Any CPU
		{502A9831-05BF-4CB5-8C46-69C9F1E04F52}.Release|Any CPU.Build.0 = Release|Any CPU
	EndGlobalSection
	GlobalSection(SolutionProperties) = preSolution
		HideSolutionNode = FALSE
	EndGlobalSection
	GlobalSection(ExtensibilityGlobals) = postSolution
		SolutionGuid = {F2ED49F8-B1E4-4335-91CD-181BF24B027C}
	EndGlobalSection
EndGlobal
